{
  "object": {
    "pins": [
      {
        "package": "GRPC",
        "repositoryURL": "https://github.com/grpc/grpc-swift.git",
        "state": {
          "branch": null,
          "revision": "062b341d63a324699ac7b4d5f2eb6656d61a5158",
          "version": "1.0.0-alpha.7"
        }
      },
      {
        "package": "llbuild",
        "repositoryURL": "https://github.com/apple/swift-llbuild.git",
        "state": {
          "branch": null,
          "revision": "f73b84bc1525998e5e267f9d830c1411487ac65e",
          "version": "0.2.0"
        }
      },
      {
        "package": "swift-log",
        "repositoryURL": "https://github.com/apple/swift-log",
        "state": {
          "branch": null,
          "revision": "74d7b91ceebc85daf387ebb206003f78813f71aa",
          "version": "1.2.0"
        }
      },
      {
        "package": "swift-nio",
        "repositoryURL": "https://github.com/apple/swift-nio.git",
        "state": {
          "branch": null,
          "revision": "f6487a11d80bfb9a0a0a752b7442847c7e3a8253",
          "version": "2.12.0"
        }
      },
      {
        "package": "swift-nio-http2",
        "repositoryURL": "https://github.com/apple/swift-nio-http2.git",
        "state": {
          "branch": null,
          "revision": "867259332c45d5405efed844f7b3997ebfa94167",
          "version": "1.7.2"
        }
      },
      {
        "package": "swift-nio-ssl",
        "repositoryURL": "https://github.com/apple/swift-nio-ssl.git",
        "state": {
          "branch": null,
          "revision": "ccf96bbe65ecc7c1558ab0dba7ffabdea5c1d31f",
          "version": "2.4.4"
        }
      },
      {
        "package": "swift-nio-transport-services",
        "repositoryURL": "https://github.com/apple/swift-nio-transport-services.git",
        "state": {
          "branch": null,
          "revision": "80b11dc13261e0e52f75ea3a0b2e04f24e925019",
          "version": "1.2.1"
        }
      },
      {
        "package": "SwiftPM",
        "repositoryURL": "https://github.com/apple/swift-package-manager.git",
        "state": {
          "branch": null,
          "revision": "9abcc2260438177cecd7cf5185b144d13e74122b",
          "version": "0.5.0"
        }
      },
      {
        "package": "SwiftProtobuf",
        "repositoryURL": "https://github.com/apple/swift-protobuf.git",
        "state": {
          "branch": null,
          "revision": "da75a93ac017534e0028e83c0e4fc4610d2acf48",
          "version": "1.7.0"
        }
      }
    ]
  },
  "version": 1
}
